
Microsoft Visual Studio Solution File, Format Version 12.00
Project("{FAE04EC0-301F-11D3-BF4B-00C04F79EFBC}") = "SpeedInfo", "SpeedInfo\SpeedInfo.csproj", "{8168415B-21E0-453A-A18D-0E774B145BA9}"
EndProject
Global
	GlobalSection(SolutionConfigurationPlatforms) = preSolution
		Debug|Any CPU = Debug|Any CPU
		Release|Any CPU = Release|Any CPU
	EndGlobalSection
	GlobalSection(ProjectConfigurationPlatforms) = postSolution
		{8168415B-21E0-453A-A18D-0E774B145BA9}.Debug|Any CPU.ActiveCfg = Debug|Any CPU
		{8168415B-21E0-453A-A18D-0E774B145BA9}.Debug|Any CPU.Build.0 = Debug|Any CPU
		{8168415B-21E0-453A-A18D-0E774B145BA9}.Release|Any CPU.ActiveCfg = Release|Any CPU
		{8168415B-21E0-453A-A18D-0E774B145BA9}.Release|Any CPU.Build.0 = Release|Any CPU
	EndGlobalSection
EndGlobal
